
Microsoft Visual Studio Solution File, Format Version 12.00
# Visual Studio Version 17
VisualStudioVersion = 17.12.35728.132 d17.12
MinimumVisualStudioVersion = 10.0.40219.1
Project("{FAE04EC0-301F-11D3-BF4B-00C04F79EFBC}") = "ClasePila_Trabajo-3", "ClasePila_Trabajo-3\ClasePila_Trabajo-3.csproj", "{C46F4CB5-A8FA-46A2-80BD-5668C59C7583}"
EndProject
Global
	GlobalSection(SolutionConfigurationPlatforms) = preSolution
		Debug|Any CPU = Debug|Any CPU
		Release|Any CPU = Release|Any CPU
	EndGlobalSection
	GlobalSection(ProjectConfigurationPlatforms) = postSolution
		{C46F4CB5-A8FA-46A2-80BD-5668C59C7583}.Debug|Any CPU.ActiveCfg = Debug|Any CPU
		{C46F4CB5-A8FA-46A2-80BD-5668C59C7583}.Debug|Any CPU.Build.0 = Debug|Any CPU
		{C46F4CB5-A8FA-46A2-80BD-5668C59C7583}.Release|Any CPU.ActiveCfg = Release|Any CPU
		{C46F4CB5-A8FA-46A2-80BD-5668C59C7583}.Release|Any CPU.Build.0 = Release|Any CPU
	EndGlobalSection
	GlobalSection(SolutionProperties) = preSolution
		HideSolutionNode = FALSE
	EndGlobalSection
EndGlobal
